
Microsoft Visual Studio Solution File, Format Version 12.00
# Visual Studio Version 16
VisualStudioVersion = 16.0.30503.244
MinimumVisualStudioVersion = 10.0.40219.1
Project("{FAE04EC0-301F-11D3-BF4B-00C04F79EFBC}") = "loops09182020", "loops09182020.csproj", "{2B6E6E59-38DD-47AF-B827-5B304B400ACE}"
EndProject
Global
	GlobalSection(SolutionConfigurationPlatforms) = preSolution
		Debug|Any CPU = Debug|Any CPU
		Release|Any CPU = Release|Any CPU
	EndGlobalSection
	GlobalSection(ProjectConfigurationPlatforms) = postSolution
		{2B6E6E59-38DD-47AF-B827-5B304B400ACE}.Debug|Any CPU.ActiveCfg = Debug|Any CPU
		{2B6E6E59-38DD-47AF-B827-5B304B400ACE}.Debug|Any CPU.Build.0 = Debug|Any CPU
		{2B6E6E59-38DD-47AF-B827-5B304B400ACE}.Release|Any CPU.ActiveCfg = Release|Any CPU
		{2B6E6E59-38DD-47AF-B827-5B304B400ACE}.Release|Any CPU.Build.0 = Release|Any CPU
	EndGlobalSection
	GlobalSection(SolutionProperties) = preSolution
		HideSolutionNode = FALSE
	EndGlobalSection
	GlobalSection(ExtensibilityGlobals) = postSolution
		SolutionGuid = {6732C957-ED12-48C4-A7E3-E64617629DB3}
	EndGlobalSection
EndGlobal
